// !$*UTF8*$!
{
	archiveVersion = 1;
	classes = {
	};
	objectVersion = 46;
	objects = {

/* Begin PBXBuildFile section */
		957428CD1E81093D00D3F7E3 /* AppDelegate.m in Sources */ = {isa = PBXBuildFile; fileRef = 957428BE1E81093D00D3F7E3 /* AppDelegate.m */; };
		957428CE1E81093D00D3F7E3 /* Assets.xcassets in Resources */ = {isa = PBXBuildFile; fileRef = 957428BF1E81093D00D3F7E3 /* Assets.xcassets */; };
		957428CF1E81093D00D3F7E3 /* LaunchScreen.storyboard in Resources */ = {isa = PBXBuildFile; fileRef = 957428C01E81093D00D3F7E3 /* LaunchScreen.storyboard */; };
		957428D01E81093D00D3F7E3 /* Main.storyboard in Resources */ = {isa = PBXBuildFile; fileRef = 957428C21E81093D00D3F7E3 /* Main.storyboard */; };
		957428D11E81093D00D3F7E3 /* GoogleLoginManager.m in Sources */ = {isa = PBXBuildFile; fileRef = 957428C61E81093D00D3F7E3 /* GoogleLoginManager.m */; };
		957428D31E81093D00D3F7E3 /* GoogleService-Info.plist in Resources */ = {isa = PBXBuildFile; fileRef = 957428C81E81093D00D3F7E3 /* GoogleService-Info.plist */; };
		957428D51E81093D00D3F7E3 /* main.m in Sources */ = {isa = PBXBuildFile; fileRef = 957428CA1E81093D00D3F7E3 /* main.m */; };
		957428D61E81093D00D3F7E3 /* ViewController.m in Sources */ = {isa = PBXBuildFile; fileRef = 957428CC1E81093D00D3F7E3 /* ViewController.m */; };
		95B4119F1E81397700D34AD6 /* GoogleLoginManagerSwift.swift in Sources */ = {isa = PBXBuildFile; fileRef = 95B4119E1E81397700D34AD6 /* GoogleLoginManagerSwift.swift */; };
		98D038DEC92093761AEC8F43 /* libPods-GoogleLoginHelper.a in Frameworks */ = {isa = PBXBuildFile; fileRef = 5D9B066D201A560C80CA9ED4 /* libPods-GoogleLoginHelper.a */; };
/* End PBXBuildFile section */

/* Begin PBXFileReference section */
		5C4B98B461F78EDAA1F52C69 /* Pods-GoogleLoginHelper.debug.xcconfig */ = {isa = PBXFileReference; includeInIndex = 1; lastKnownFileType = text.xcconfig; name = "Pods-GoogleLoginHelper.debug.xcconfig"; path = "Pods/Target Support Files/Pods-GoogleLoginHelper/Pods-GoogleLoginHelper.debug.xcconfig"; sourceTree = "<group>"; };
		5D9B066D201A560C80CA9ED4 /* libPods-GoogleLoginHelper.a */ = {isa = PBXFileReference; explicitFileType = archive.ar; includeInIndex = 0; path = "libPods-GoogleLoginHelper.a"; sourceTree = BUILT_PRODUCTS_DIR; };
		9543D24D1E7FE3BE008C674F /* GoogleLoginManager.app */ = {isa = PBXFileReference; explicitFileType = wrapper.application; includeInIndex = 0; path = GoogleLoginManager.app; sourceTree = BUILT_PRODUCTS_DIR; };
		957428BD1E81093D00D3F7E3 /* AppDelegate.h */ = {isa = PBXFileReference; fileEncoding = 4; lastKnownFileType = sourcecode.c.h; path = AppDelegate.h; sourceTree = "<group>"; };
		957428BE1E81093D00D3F7E3 /* AppDelegate.m */ = {isa = PBXFileReference; fileEncoding = 4; lastKnownFileType = sourcecode.c.objc; path = AppDelegate.m; sourceTree = "<group>"; };
		957428BF1E81093D00D3F7E3 /* Assets.xcassets */ = {isa = PBXFileReference; lastKnownFileType = folder.assetcatalog; path = Assets.xcassets; sourceTree = "<group>"; };
		957428C11E81093D00D3F7E3 /* Base */ = {isa = PBXFileReference; lastKnownFileType = file.storyboard; name = Base; path = Base.lproj/LaunchScreen.storyboard; sourceTree = "<group>"; };
		957428C31E81093D00D3F7E3 /* Base */ = {isa = PBXFileReference; lastKnownFileType = file.storyboard; name = Base; path = Base.lproj/Main.storyboard; sourceTree = "<group>"; };
		957428C51E81093D00D3F7E3 /* GoogleLoginManager.h */ = {isa = PBXFileReference; fileEncoding = 4; lastKnownFileType = sourcecode.c.h; path = GoogleLoginManager.h; sourceTree = "<group>"; };
		957428C61E81093D00D3F7E3 /* GoogleLoginManager.m */ = {isa = PBXFileReference; fileEncoding = 4; lastKnownFileType = sourcecode.c.objc; path = GoogleLoginManager.m; sourceTree = "<group>"; };
		957428C81E81093D00D3F7E3 /* GoogleService-Info.plist */ = {isa = PBXFileReference; fileEncoding = 4; lastKnownFileType = text.plist.xml; path = "GoogleService-Info.plist"; sourceTree = "<group>"; };
		957428C91E81093D00D3F7E3 /* Info.plist */ = {isa = PBXFileReference; fileEncoding = 4; lastKnownFileType = text.plist.xml; path = Info.plist; sourceTree = "<group>"; };
		957428CA1E81093D00D3F7E3 /* main.m */ = {isa = PBXFileReference; fileEncoding = 4; lastKnownFileType = sourcecode.c.objc; path = main.m; sourceTree = "<group>"; };
		957428CB1E81093D00D3F7E3 /* ViewController.h */ = {isa = PBXFileReference; fileEncoding = 4; lastKnownFileType = sourcecode.c.h; path = ViewController.h; sourceTree = "<group>"; };
		957428CC1E81093D00D3F7E3 /* ViewController.m */ = {isa = PBXFileReference; fileEncoding = 4; lastKnownFileType = sourcecode.c.objc; path = ViewController.m; sourceTree = "<group>"; };
		95B4119D1E81397600D34AD6 /* GoogleLoginManager-Bridging-Header.h */ = {isa = PBXFileReference; lastKnownFileType = sourcecode.c.h; path = "GoogleLoginManager-Bridging-Header.h"; sourceTree = "<group>"; };
		95B4119E1E81397700D34AD6 /* GoogleLoginManagerSwift.swift */ = {isa = PBXFileReference; fileEncoding = 4; lastKnownFileType = sourcecode.swift; path = GoogleLoginManagerSwift.swift; sourceTree = "<group>"; };
		C596B4EE65B47B529D429F3E /* Pods-GoogleLoginHelper.release.xcconfig */ = {isa = PBXFileReference; includeInIndex = 1; lastKnownFileType = text.xcconfig; name = "Pods-GoogleLoginHelper.release.xcconfig"; path = "Pods/Target Support Files/Pods-GoogleLoginHelper/Pods-GoogleLoginHelper.release.xcconfig"; sourceTree = "<group>"; };
/* End PBXFileReference section */

/* Begin PBXFrameworksBuildPhase section */
		9543D24A1E7FE3BE008C674F /* Frameworks */ = {
			isa = PBXFrameworksBuildPhase;
			buildActionMask = 2147483647;
			files = (
				98D038DEC92093761AEC8F43 /* libPods-GoogleLoginHelper.a in Frameworks */,
			);
			runOnlyForDeploymentPostprocessing = 0;
		};
/* End PBXFrameworksBuildPhase section */

/* Begin PBXGroup section */
		3AB34E9A75FAA34DA1CF74E7 /* Frameworks */ = {
			isa = PBXGroup;
			children = (
				5D9B066D201A560C80CA9ED4 /* libPods-GoogleLoginHelper.a */,
			);
			name = Frameworks;
			sourceTree = "<group>";
		};
		9543D2441E7FE3BE008C674F = {
			isa = PBXGroup;
			children = (
				957428BC1E81093D00D3F7E3 /* GoogleLoginManager */,
				9543D24E1E7FE3BE008C674F /* Products */,
				A0DAF318C20185E45710747E /* Pods */,
				3AB34E9A75FAA34DA1CF74E7 /* Frameworks */,
			);
			sourceTree = "<group>";
		};
		9543D24E1E7FE3BE008C674F /* Products */ = {
			isa = PBXGroup;
			children = (
				9543D24D1E7FE3BE008C674F /* GoogleLoginManager.app */,
			);
			name = Products;
			sourceTree = "<group>";
		};
		957428BC1E81093D00D3F7E3 /* GoogleLoginManager */ = {
			isa = PBXGroup;
			children = (
				957428BD1E81093D00D3F7E3 /* AppDelegate.h */,
				957428BE1E81093D00D3F7E3 /* AppDelegate.m */,
				957428BF1E81093D00D3F7E3 /* Assets.xcassets */,
				957428C01E81093D00D3F7E3 /* LaunchScreen.storyboard */,
				957428C21E81093D00D3F7E3 /* Main.storyboard */,
				957428C51E81093D00D3F7E3 /* GoogleLoginManager.h */,
				957428C61E81093D00D3F7E3 /* GoogleLoginManager.m */,
				95B4119E1E81397700D34AD6 /* GoogleLoginManagerSwift.swift */,
				957428C81E81093D00D3F7E3 /* GoogleService-Info.plist */,
				957428C91E81093D00D3F7E3 /* Info.plist */,
				957428CA1E81093D00D3F7E3 /* main.m */,
				957428CB1E81093D00D3F7E3 /* ViewController.h */,
				957428CC1E81093D00D3F7E3 /* ViewController.m */,
				95B4119D1E81397600D34AD6 /* GoogleLoginManager-Bridging-Header.h */,
			);
			path = GoogleLoginManager;
			sourceTree = "<group>";
		};
		A0DAF318C20185E45710747E /* Pods */ = {
			isa = PBXGroup;
			children = (
				5C4B98B461F78EDAA1F52C69 /* Pods-GoogleLoginHelper.debug.xcconfig */,
				C596B4EE65B47B529D429F3E /* Pods-GoogleLoginHelper.release.xcconfig */,
			);
			name = Pods;
			sourceTree = "<group>";
		};
/* End PBXGroup section */

/* Begin PBXNativeTarget section */
		9543D24C1E7FE3BE008C674F /* GoogleLoginManager */ = {
			isa = PBXNativeTarget;
			buildConfigurationList = 9543D2641E7FE3BE008C674F /* Build configuration list for PBXNativeTarget "GoogleLoginManager" */;
			buildPhases = (
				1BDAE646B65F58BE7E662316 /* [CP] Check Pods Manifest.lock */,
				9543D2491E7FE3BE008C674F /* Sources */,
				9543D24A1E7FE3BE008C674F /* Frameworks */,
				9543D24B1E7FE3BE008C674F /* Resources */,
				0E9AC2ADBC7B648C82398457 /* [CP] Embed Pods Frameworks */,
				77FC81B340E7734A6EC91138 /* [CP] Copy Pods Resources */,
			);
			buildRules = (
			);
			dependencies = (
			);
			name = GoogleLoginManager;
			productName = GoogleLoginHelper;
			productReference = 9543D24D1E7FE3BE008C674F /* GoogleLoginManager.app */;
			productType = "com.apple.product-type.application";
		};
/* End PBXNativeTarget section */

/* Begin PBXProject section */
		9543D2451E7FE3BE008C674F /* Project object */ = {
			isa = PBXProject;
			attributes = {
				LastUpgradeCheck = 0820;
				ORGANIZATIONNAME = "<#Project Team#>";
				TargetAttributes = {
					9543D24C1E7FE3BE008C674F = {
						CreatedOnToolsVersion = 8.2.1;
						DevelopmentTeam = 6H7Q8ZBM7V;
						LastSwiftMigration = 0820;
						ProvisioningStyle = Manual;
					};
				};
			};
			buildConfigurationList = 9543D2481E7FE3BE008C674F /* Build configuration list for PBXProject "GoogleLoginManager" */;
			compatibilityVersion = "Xcode 3.2";
			developmentRegion = English;
			hasScannedForEncodings = 0;
			knownRegions = (
				en,
				Base,
			);
			mainGroup = 9543D2441E7FE3BE008C674F;
			productRefGroup = 9543D24E1E7FE3BE008C674F /* Products */;
			projectDirPath = "";
			projectRoot = "";
			targets = (
				9543D24C1E7FE3BE008C674F /* GoogleLoginManager */,
			);
		};
/* End PBXProject section */

/* Begin PBXResourcesBuildPhase section */
		9543D24B1E7FE3BE008C674F /* Resources */ = {
			isa = PBXResourcesBuildPhase;
			buildActionMask = 2147483647;
			files = (
				957428D01E81093D00D3F7E3 /* Main.storyboard in Resources */,
				957428D31E81093D00D3F7E3 /* GoogleService-Info.plist in Resources */,
				957428CF1E81093D00D3F7E3 /* LaunchScreen.storyboard in Resources */,
				957428CE1E81093D00D3F7E3 /* Assets.xcassets in Resources */,
			);
			runOnlyForDeploymentPostprocessing = 0;
		};
/* End PBXResourcesBuildPhase section */

/* Begin PBXShellScriptBuildPhase section */
		0E9AC2ADBC7B648C82398457 /* [CP] Embed Pods Frameworks */ = {
			isa = PBXShellScriptBuildPhase;
			buildActionMask = 2147483647;
			files = (
			);
			inputPaths = (
			);
			name = "[CP] Embed Pods Frameworks";
			outputPaths = (
			);
			runOnlyForDeploymentPostprocessing = 0;
			shellPath = /bin/sh;
			shellScript = "\"${SRCROOT}/Pods/Target Support Files/Pods-GoogleLoginHelper/Pods-GoogleLoginHelper-frameworks.sh\"\n";
			showEnvVarsInLog = 0;
		};
		1BDAE646B65F58BE7E662316 /* [CP] Check Pods Manifest.lock */ = {
			isa = PBXShellScriptBuildPhase;
			buildActionMask = 2147483647;
			files = (
			);
			inputPaths = (
			);
			name = "[CP] Check Pods Manifest.lock";
			outputPaths = (
			);
			runOnlyForDeploymentPostprocessing = 0;
			shellPath = /bin/sh;
			shellScript = "diff \"${PODS_ROOT}/../Podfile.lock\" \"${PODS_ROOT}/Manifest.lock\" > /dev/null\nif [ $? != 0 ] ; then\n    # print error to STDERR\n    echo \"error: The sandbox is not in sync with the Podfile.lock. Run 'pod install' or update your CocoaPods installation.\" >&2\n    exit 1\nfi\n";
			showEnvVarsInLog = 0;
		};
		77FC81B340E7734A6EC91138 /* [CP] Copy Pods Resources */ = {
			isa = PBXShellScriptBuildPhase;
			buildActionMask = 2147483647;
			files = (
			);
			inputPaths = (
			);
			name = "[CP] Copy Pods Resources";
			outputPaths = (
			);
			runOnlyForDeploymentPostprocessing = 0;
			shellPath = /bin/sh;
			shellScript = "\"${SRCROOT}/Pods/Target Support Files/Pods-GoogleLoginHelper/Pods-GoogleLoginHelper-resources.sh\"\n";
			showEnvVarsInLog = 0;
		};
/* End PBXShellScriptBuildPhase section */

/* Begin PBXSourcesBuildPhase section */
		9543D2491E7FE3BE008C674F /* Sources */ = {
			isa = PBXSourcesBuildPhase;
			buildActionMask = 2147483647;
			files = (
				957428CD1E81093D00D3F7E3 /* AppDelegate.m in Sources */,
				95B4119F1E81397700D34AD6 /* GoogleLoginManagerSwift.swift in Sources */,
				957428D61E81093D00D3F7E3 /* ViewController.m in Sources */,
				957428D51E81093D00D3F7E3 /* main.m in Sources */,
				957428D11E81093D00D3F7E3 /* GoogleLoginManager.m in Sources */,
			);
			runOnlyForDeploymentPostprocessing = 0;
		};
/* End PBXSourcesBuildPhase section */

/* Begin PBXVariantGroup section */
		957428C01E81093D00D3F7E3 /* LaunchScreen.storyboard */ = {
			isa = PBXVariantGroup;
			children = (
				957428C11E81093D00D3F7E3 /* Base */,
			);
			name = LaunchScreen.storyboard;
			sourceTree = "<group>";
		};
		957428C21E81093D00D3F7E3 /* Main.storyboard */ = {
			isa = PBXVariantGroup;
			children = (
				957428C31E81093D00D3F7E3 /* Base */,
			);
			name = Main.storyboard;
			sourceTree = "<group>";
		};
/* End PBXVariantGroup section */

/* Begin XCBuildConfiguration section */
		9543D2621E7FE3BE008C674F /* Debug */ = {
			isa = XCBuildConfiguration;
			buildSettings = {
				ALWAYS_SEARCH_USER_PATHS = NO;
				CLANG_ANALYZER_NONNULL = YES;
				CLANG_CXX_LANGUAGE_STANDARD = "gnu++0x";
				CLANG_CXX_LIBRARY = "libc++";
				CLANG_ENABLE_MODULES = YES;
				CLANG_ENABLE_OBJC_ARC = YES;
				CLANG_WARN_BOOL_CONVERSION = YES;
				CLANG_WARN_CONSTANT_CONVERSION = YES;
				CLANG_WARN_DIRECT_OBJC_ISA_USAGE = YES_ERROR;
				CLANG_WARN_DOCUMENTATION_COMMENTS = YES;
				CLANG_WARN_EMPTY_BODY = YES;
				CLANG_WARN_ENUM_CONVERSION = YES;
				CLANG_WARN_INFINITE_RECURSION = YES;
				CLANG_WARN_INT_CONVERSION = YES;
				CLANG_WARN_OBJC_ROOT_CLASS = YES_ERROR;
				CLANG_WARN_SUSPICIOUS_MOVE = YES;
				CLANG_WARN_UNREACHABLE_CODE = YES;
				CLANG_WARN__DUPLICATE_METHOD_MATCH = YES;
				"CODE_SIGN_IDENTITY[sdk=iphoneos*]" = "iPhone Developer";
				COPY_PHASE_STRIP = NO;
				DEBUG_INFORMATION_FORMAT = dwarf;
				ENABLE_STRICT_OBJC_MSGSEND = YES;
				ENABLE_TESTABILITY = YES;
				GCC_C_LANGUAGE_STANDARD = gnu99;
				GCC_DYNAMIC_NO_PIC = NO;
				GCC_NO_COMMON_BLOCKS = YES;
				GCC_OPTIMIZATION_LEVEL = 0;
				GCC_PREPROCESSOR_DEFINITIONS = (
					"DEBUG=1",
					"$(inherited)",
				);
				GCC_WARN_64_TO_32_BIT_CONVERSION = YES;
				GCC_WARN_ABOUT_RETURN_TYPE = YES_ERROR;
				GCC_WARN_UNDECLARED_SELECTOR = YES;
				GCC_WARN_UNINITIALIZED_AUTOS = YES_AGGRESSIVE;
				GCC_WARN_UNUSED_FUNCTION = YES;
				GCC_WARN_UNUSED_VARIABLE = YES;
				IPHONEOS_DEPLOYMENT_TARGET = 10.2;
				MTL_ENABLE_DEBUG_INFO = YES;
				ONLY_ACTIVE_ARCH = YES;
				SDKROOT = iphoneos;
			};
			name = Debug;
		};
		9543D2631E7FE3BE008C674F /* Release */ = {
			isa = XCBuildConfiguration;
			buildSettings = {
				ALWAYS_SEARCH_USER_PATHS = NO;
				CLANG_ANALYZER_NONNULL = YES;
				CLANG_CXX_LANGUAGE_STANDARD = "gnu++0x";
				CLANG_CXX_LIBRARY = "libc++";
				CLANG_ENABLE_MODULES = YES;
				CLANG_ENABLE_OBJC_ARC = YES;
				CLANG_WARN_BOOL_CONVERSION = YES;
				CLANG_WARN_CONSTANT_CONVERSION = YES;
				CLANG_WARN_DIRECT_OBJC_ISA_USAGE = YES_ERROR;
				CLANG_WARN_DOCUMENTATION_COMMENTS = YES;
				CLANG_WARN_EMPTY_BODY = YES;
				CLANG_WARN_ENUM_CONVERSION = YES;
				CLANG_WARN_INFINITE_RECURSION = YES;
				CLANG_WARN_INT_CONVERSION = YES;
				CLANG_WARN_OBJC_ROOT_CLASS = YES_ERROR;
				CLANG_WARN_SUSPICIOUS_MOVE = YES;
				CLANG_WARN_UNREACHABLE_CODE = YES;
				CLANG_WARN__DUPLICATE_METHOD_MATCH = YES;
				"CODE_SIGN_IDENTITY[sdk=iphoneos*]" = "iPhone Developer";
				COPY_PHASE_STRIP = NO;
				DEBUG_INFORMATION_FORMAT = "dwarf-with-dsym";
				ENABLE_NS_ASSERTIONS = NO;
				ENABLE_STRICT_OBJC_MSGSEND = YES;
				GCC_C_LANGUAGE_STANDARD = gnu99;
				GCC_NO_COMMON_BLOCKS = YES;
				GCC_WARN_64_TO_32_BIT_CONVERSION = YES;
				GCC_WARN_ABOUT_RETURN_TYPE = YES_ERROR;
				GCC_WARN_UNDECLARED_SELECTOR = YES;
				GCC_WARN_UNINITIALIZED_AUTOS = YES_AGGRESSIVE;
				GCC_WARN_UNUSED_FUNCTION = YES;
				GCC_WARN_UNUSED_VARIABLE = YES;
				IPHONEOS_DEPLOYMENT_TARGET = 10.2;
				MTL_ENABLE_DEBUG_INFO = NO;
				SDKROOT = iphoneos;
				VALIDATE_PRODUCT = YES;
			};
			name = Release;
		};
		9543D2651E7FE3BE008C674F /* Debug */ = {
			isa = XCBuildConfiguration;
			baseConfigurationReference = 5C4B98B461F78EDAA1F52C69 /* Pods-GoogleLoginHelper.debug.xcconfig */;
			buildSettings = {
				ASSETCATALOG_COMPILER_APPICON_NAME = AppIcon;
				CLANG_ENABLE_MODULES = YES;
				"CODE_SIGN_IDENTITY[sdk=iphoneos*]" = "iPhone Developer";
				DEVELOPMENT_TEAM = 6H7Q8ZBM7V;
				INFOPLIST_FILE = GoogleLoginManager/Info.plist;
				LD_RUNPATH_SEARCH_PATHS = "$(inherited) @executable_path/Frameworks";
				PRODUCT_BUNDLE_IDENTIFIER = com.GoogleLoginManager.app;
				PRODUCT_NAME = "$(TARGET_NAME)";
				PROVISIONING_PROFILE = "80306d8e-b8fb-48ca-b5f0-ddda4721e35b";
				PROVISIONING_PROFILE_SPECIFIER = PP_DEV_MIOID_WILDCARD;
				SWIFT_OBJC_BRIDGING_HEADER = "GoogleLoginManager/GoogleLoginManager-Bridging-Header.h";
				SWIFT_OPTIMIZATION_LEVEL = "-Onone";
				SWIFT_VERSION = 2.3;
			};
			name = Debug;
		};
		9543D2661E7FE3BE008C674F /* Release */ = {
			isa = XCBuildConfiguration;
			baseConfigurationReference = C596B4EE65B47B529D429F3E /* Pods-GoogleLoginHelper.release.xcconfig */;
			buildSettings = {
				ASSETCATALOG_COMPILER_APPICON_NAME = AppIcon;
				CLANG_ENABLE_MODULES = YES;
				"CODE_SIGN_IDENTITY[sdk=iphoneos*]" = "iPhone Developer";
				DEVELOPMENT_TEAM = "";
				INFOPLIST_FILE = GoogleLoginManager/Info.plist;
				LD_RUNPATH_SEARCH_PATHS = "$(inherited) @executable_path/Frameworks";
				PRODUCT_BUNDLE_IDENTIFIER = com.GoogleLoginManager.app;
				PRODUCT_NAME = "$(TARGET_NAME)";
				SWIFT_OBJC_BRIDGING_HEADER = "GoogleLoginManager/GoogleLoginManager-Bridging-Header.h";
				SWIFT_VERSION = 2.3;
			};
			name = Release;
		};
/* End XCBuildConfiguration section */

/* Begin XCConfigurationList section */
		9543D2481E7FE3BE008C674F /* Build configuration list for PBXProject "GoogleLoginManager" */ = {
			isa = XCConfigurationList;
			buildConfigurations = (
				9543D2621E7FE3BE008C674F /* Debug */,
				9543D2631E7FE3BE008C674F /* Release */,
			);
			defaultConfigurationIsVisible = 0;
			defaultConfigurationName = Release;
		};
		9543D2641E7FE3BE008C674F /* Build configuration list for PBXNativeTarget "GoogleLoginManager" */ = {
			isa = XCConfigurationList;
			buildConfigurations = (
				9543D2651E7FE3BE008C674F /* Debug */,
				9543D2661E7FE3BE008C674F /* Release */,
			);
			defaultConfigurationIsVisible = 0;
			defaultConfigurationName = Release;
		};
/* End XCConfigurationList section */
	};
	rootObject = 9543D2451E7FE3BE008C674F /* Project object */;
}
